
Microsoft Visual Studio Solution File, Format Version 12.00
# Visual Studio Version 16
VisualStudioVersion = 16.0.30621.155
MinimumVisualStudioVersion = 10.0.40219.1
Project("{9A19103F-16F7-4668-BE54-9A1E7A4F7556}") = "SafeShopping.API", "SafeShopping.API\SafeShopping.API.csproj", "{F588AD50-D182-4191-A0C1-50B472703B70}"
EndProject
Project("{9A19103F-16F7-4668-BE54-9A1E7A4F7556}") = "SafeShopping.Core", "SafeShopping.Core\SafeShopping.Core.csproj", "{5369F5A4-C43C-433F-B607-4AC17167BDE0}"
EndProject
Project("{9A19103F-16F7-4668-BE54-9A1E7A4F7556}") = "SafeShopping.DataAccess", "SafeShopping.DataAccess\SafeShopping.DataAccess.csproj", "{09B0884E-1866-44B5-B3A4-70DB0F3287EE}"
EndProject
Project("{9A19103F-16F7-4668-BE54-9A1E7A4F7556}") = "SafeShopping.Service", "SafeShopping.Service\SafeShopping.Service.csproj", "{8B489D18-BBD7-487C-A9C3-80AD0170639B}"
EndProject
Project("{FAE04EC0-301F-11D3-BF4B-00C04F79EFBC}") = "SafeShopping.Web", "SafeShopping.Web\SafeShopping.Web.csproj", "{62D55D84-111F-4823-BD77-76F8C4B9DDF2}"
EndProject
Global
	GlobalSection(SolutionConfigurationPlatforms) = preSolution
		Debug|Any CPU = Debug|Any CPU
		Release|Any CPU = Release|Any CPU
	EndGlobalSection
	GlobalSection(ProjectConfigurationPlatforms) = postSolution
		{F588AD50-D182-4191-A0C1-50B472703B70}.Debug|Any CPU.ActiveCfg = Debug|Any CPU
		{F588AD50-D182-4191-A0C1-50B472703B70}.Debug|Any CPU.Build.0 = Debug|Any CPU
		{F588AD50-D182-4191-A0C1-50B472703B70}.Release|Any CPU.ActiveCfg = Release|Any CPU
		{F588AD50-D182-4191-A0C1-50B472703B70}.Release|Any CPU.Build.0 = Release|Any CPU
		{5369F5A4-C43C-433F-B607-4AC17167BDE0}.Debug|Any CPU.ActiveCfg = Debug|Any CPU
		{5369F5A4-C43C-433F-B607-4AC17167BDE0}.Debug|Any CPU.Build.0 = Debug|Any CPU
		{5369F5A4-C43C-433F-B607-4AC17167BDE0}.Release|Any CPU.ActiveCfg = Release|Any CPU
		{5369F5A4-C43C-433F-B607-4AC17167BDE0}.Release|Any CPU.Build.0 = Release|Any CPU
		{09B0884E-1866-44B5-B3A4-70DB0F3287EE}.Debug|Any CPU.ActiveCfg = Debug|Any CPU
		{09B0884E-1866-44B5-B3A4-70DB0F3287EE}.Debug|Any CPU.Build.0 = Debug|Any CPU
		{09B0884E-1866-44B5-B3A4-70DB0F3287EE}.Release|Any CPU.ActiveCfg = Release|Any CPU
		{09B0884E-1866-44B5-B3A4-70DB0F3287EE}.Release|Any CPU.Build.0 = Release|Any CPU
		{8B489D18-BBD7-487C-A9C3-80AD0170639B}.Debug|Any CPU.ActiveCfg = Debug|Any CPU
		{8B489D18-BBD7-487C-A9C3-80AD0170639B}.Debug|Any CPU.Build.0 = Debug|Any CPU
		{8B489D18-BBD7-487C-A9C3-80AD0170639B}.Release|Any CPU.ActiveCfg = Release|Any CPU
		{8B489D18-BBD7-487C-A9C3-80AD0170639B}.Release|Any CPU.Build.0 = Release|Any CPU
		{62D55D84-111F-4823-BD77-76F8C4B9DDF2}.Debug|Any CPU.ActiveCfg = Debug|Any CPU
		{62D55D84-111F-4823-BD77-76F8C4B9DDF2}.Debug|Any CPU.Build.0 = Debug|Any CPU
		{62D55D84-111F-4823-BD77-76F8C4B9DDF2}.Release|Any CPU.ActiveCfg = Release|Any CPU
		{62D55D84-111F-4823-BD77-76F8C4B9DDF2}.Release|Any CPU.Build.0 = Release|Any CPU
	EndGlobalSection
	GlobalSection(SolutionProperties) = preSolution
		HideSolutionNode = FALSE
	EndGlobalSection
	GlobalSection(ExtensibilityGlobals) = postSolution
		SolutionGuid = {34F7F177-891A-49B6-A953-9925F2787A4C}
	EndGlobalSection
EndGlobal
